Microsoft Visual Studio Solution File, Format Version 11.00
# Visual C++ Express 2010
Project("{8BC9CEB8-8B4A-11D0-8D11-00A0C91BC942}") = "Throughput_publisher", "Throughput_publisher-i86Win32VS2010.vcxproj", "{5957D027-4A58-479D-A043-7E4C61ACA8DB}"
EndProject
Project("{8BC9CEB8-8B4A-11D0-8D11-00A0C91BC942}") = "Throughput_subscriber", "Throughput_subscriber-i86Win32VS2010.vcxproj", "{7AAF3408-E8D8-4EB7-A6A9-3FBC6327473B}"
EndProject
Global
	GlobalSection(SolutionConfigurationPlatforms) = preSolution
		Debug DLL|Win32 = Debug DLL|Win32
		Debug|Win32 = Debug|Win32
		Release DLL|Win32 = Release DLL|Win32
		Release|Win32 = Release|Win32
	EndGlobalSection
	GlobalSection(ProjectConfigurationPlatforms) = postSolution
		{5957D027-4A58-479D-A043-7E4C61ACA8DB}.Debug DLL|Win32.ActiveCfg = Debug DLL|Win32
		{5957D027-4A58-479D-A043-7E4C61ACA8DB}.Debug DLL|Win32.Build.0 = Debug DLL|Win32
		{5957D027-4A58-479D-A043-7E4C61ACA8DB}.Debug|Win32.ActiveCfg = Debug|Win32
		{5957D027-4A58-479D-A043-7E4C61ACA8DB}.Debug|Win32.Build.0 = Debug|Win32
		{5957D027-4A58-479D-A043-7E4C61ACA8DB}.Release DLL|Win32.ActiveCfg = Release DLL|Win32
		{5957D027-4A58-479D-A043-7E4C61ACA8DB}.Release DLL|Win32.Build.0 = Release DLL|Win32
		{5957D027-4A58-479D-A043-7E4C61ACA8DB}.Release|Win32.ActiveCfg = Release|Win32
		{5957D027-4A58-479D-A043-7E4C61ACA8DB}.Release|Win32.Build.0 = Release|Win32
		{7AAF3408-E8D8-4EB7-A6A9-3FBC6327473B}.Debug DLL|Win32.ActiveCfg = Debug DLL|Win32
		{7AAF3408-E8D8-4EB7-A6A9-3FBC6327473B}.Debug DLL|Win32.Build.0 = Debug DLL|Win32
		{7AAF3408-E8D8-4EB7-A6A9-3FBC6327473B}.Debug|Win32.ActiveCfg = Debug|Win32
		{7AAF3408-E8D8-4EB7-A6A9-3FBC6327473B}.Debug|Win32.Build.0 = Debug|Win32
		{7AAF3408-E8D8-4EB7-A6A9-3FBC6327473B}.Release DLL|Win32.ActiveCfg = Release DLL|Win32
		{7AAF3408-E8D8-4EB7-A6A9-3FBC6327473B}.Release DLL|Win32.Build.0 = Release DLL|Win32
		{7AAF3408-E8D8-4EB7-A6A9-3FBC6327473B}.Release|Win32.ActiveCfg = Release|Win32
		{7AAF3408-E8D8-4EB7-A6A9-3FBC6327473B}.Release|Win32.Build.0 = Release|Win32
	EndGlobalSection
	GlobalSection(SolutionProperties) = preSolution
		HideSolutionNode = FALSE
	EndGlobalSection
EndGlobal
